
Microsoft Visual Studio Solution File, Format Version 12.00
# Visual Studio Version 17
VisualStudioVersion = 17.5.33502.453
MinimumVisualStudioVersion = 10.0.40219.1
Project("{2150E333-8FDC-42A3-9474-1A3956D46DE8}") = "src", "src", "{53B41D96-9477-4C47-A7C7-B20E7AFA90D7}"
EndProject
Project("{2150E333-8FDC-42A3-9474-1A3956D46DE8}") = "BuildingBlocks", "BuildingBlocks", "{760E01F5-E6C8-4C41-B63E-9715C3043172}"
EndProject
Project("{9A19103F-16F7-4668-BE54-9A1E7A4F7556}") = "Micro.API", "src\BuildingBlocks\Micro.API\Micro.API.csproj", "{676B8790-C0E6-436D-BB25-783BD3986B97}"
EndProject
Project("{9A19103F-16F7-4668-BE54-9A1E7A4F7556}") = "Micro.Auth", "src\BuildingBlocks\Micro.Auth\Micro.Auth.csproj", "{74543BA5-A31C-42F4-9570-5AB62285574A}"
EndProject
Project("{9A19103F-16F7-4668-BE54-9A1E7A4F7556}") = "Micro.Contexts", "src\BuildingBlocks\Micro.Contexts\Micro.Contexts.csproj", "{A4FDB359-ECEC-4B35-A30A-EBFC19EFB815}"
EndProject
Project("{9A19103F-16F7-4668-BE54-9A1E7A4F7556}") = "Micro.DAL.Mongo", "src\BuildingBlocks\Micro.DAL.Mongo\Micro.DAL.Mongo.csproj", "{29472F7E-D35E-4738-85E4-FCC53622F979}"
EndProject
Project("{9A19103F-16F7-4668-BE54-9A1E7A4F7556}") = "Micro.DAL.Postgres", "src\BuildingBlocks\Micro.DAL.Postgres\Micro.DAL.Postgres.csproj", "{235A775B-CB79-4AB3-9318-8401010E92E4}"
EndProject
Project("{9A19103F-16F7-4668-BE54-9A1E7A4F7556}") = "Micro.Framework", "src\BuildingBlocks\Micro.Framework\Micro.Framework.csproj", "{44C9C11E-FF44-4CA7-948C-8E5C13984B8D}"
EndProject
Project("{9A19103F-16F7-4668-BE54-9A1E7A4F7556}") = "Micro.HTTP", "src\BuildingBlocks\Micro.HTTP\Micro.HTTP.csproj", "{572CBB8C-E218-4858-8145-F1F5FA7C820E}"
EndProject
Project("{9A19103F-16F7-4668-BE54-9A1E7A4F7556}") = "Micro.Messaging", "src\BuildingBlocks\Micro.Messaging\Micro.Messaging.csproj", "{7FD7ACCE-C6E3-4DAD-B148-FA0901B07DB4}"
EndProject
Project("{9A19103F-16F7-4668-BE54-9A1E7A4F7556}") = "Micro.Messaging.Azure.ServiceBus", "src\BuildingBlocks\Micro.Messaging.Azure.ServiceBus\Micro.Messaging.Azure.ServiceBus.csproj", "{8CC4E74F-6D22-4D43-A5D7-7F236EAB97C1}"
EndProject
Project("{9A19103F-16F7-4668-BE54-9A1E7A4F7556}") = "Micro.Messaging.RabbitMQ", "src\BuildingBlocks\Micro.Messaging.RabbitMQ\Micro.Messaging.RabbitMQ.csproj", "{4F3410F3-C9B4-4E4F-87CB-4F923E754C70}"
EndProject
Project("{9A19103F-16F7-4668-BE54-9A1E7A4F7556}") = "Micro.Messaging.RabbitMQ.Streams", "src\BuildingBlocks\Micro.Messaging.RabbitMQ.Streams\Micro.Messaging.RabbitMQ.Streams.csproj", "{3F8EC2D2-8A59-43CA-BFE7-6821C79E3142}"
EndProject
Project("{9A19103F-16F7-4668-BE54-9A1E7A4F7556}") = "Micro.Observability", "src\BuildingBlocks\Micro.Observability\Micro.Observability.csproj", "{443F64DE-6472-4ED3-AD75-F636AEE60896}"
EndProject
Project("{9A19103F-16F7-4668-BE54-9A1E7A4F7556}") = "Micro.Testing", "src\BuildingBlocks\Micro.Testing\Micro.Testing.csproj", "{49013F82-EC16-4858-86AC-E315EF802E35}"
EndProject
Project("{9A19103F-16F7-4668-BE54-9A1E7A4F7556}") = "Micro.Transactions", "src\BuildingBlocks\Micro.Transactions\Micro.Transactions.csproj", "{F6D8BD7D-A00F-4196-875A-1F1ABB2F0B1C}"
EndProject
Project("{9A19103F-16F7-4668-BE54-9A1E7A4F7556}") = "Micro.DAL.SqlServer", "src\BuildingBlocks\Micro.DAL.SqlServer\Micro.DAL.SqlServer.csproj", "{CDE97DE6-4B3A-41B8-A1EF-C09DEAFCA06D}"
EndProject
Project("{9A19103F-16F7-4668-BE54-9A1E7A4F7556}") = "Micro.Security", "src\BuildingBlocks\Micro.Security\Micro.Security.csproj", "{3DF74B14-6B2F-4911-B680-4E393684225A}"
EndProject
Project("{9A19103F-16F7-4668-BE54-9A1E7A4F7556}") = "Micro.Modules", "src\BuildingBlocks\Micro.Modules\Micro.Modules.csproj", "{8B616CC1-132D-441F-8CCA-3E4D2E80EE40}"
EndProject
Project("{9A19103F-16F7-4668-BE54-9A1E7A4F7556}") = "Micro.Storage", "src\BuildingBlocks\Micro.Storage\Micro.Storage.csproj", "{5603BDBB-DCA4-421D-B4EF-AA18A99F5E07}"
EndProject
Project("{2150E333-8FDC-42A3-9474-1A3956D46DE8}") = "APIGateways", "APIGateways", "{A641EBC0-5D78-44E8-B4B0-78F9B76B44FA}"
EndProject
Project("{2150E333-8FDC-42A3-9474-1A3956D46DE8}") = "Services", "Services", "{C9E78163-69C1-46AA-A46D-43B1EA1555F7}"
EndProject
Project("{2150E333-8FDC-42A3-9474-1A3956D46DE8}") = "Shared", "Shared", "{007AD8BE-6374-488E-A845-7D2382F8A2B4}"
EndProject
Project("{2150E333-8FDC-42A3-9474-1A3956D46DE8}") = "Modules", "Modules", "{0785D744-DB13-4668-853A-F8720D647CD2}"
EndProject
Project("{9A19103F-16F7-4668-BE54-9A1E7A4F7556}") = "Micro.Abstractions", "src\BuildingBlocks\Micro.Abstractions\Micro.Abstractions.csproj", "{549D69A5-DFC0-4284-BA13-BF2F1FE3DE63}"
EndProject
Project("{2150E333-8FDC-42A3-9474-1A3956D46DE8}") = "Customers", "Customers", "{0A863E7A-0BE2-4C1C-ACC9-848667B8A130}"
EndProject
Project("{9A19103F-16F7-4668-BE54-9A1E7A4F7556}") = "Micro.Modules.Customers.Module", "src\Modules\Customers\Micro.Modules.Customers.Module\Micro.Modules.Customers.Module.csproj", "{249DAC88-6E77-42AD-962F-DC96E87F54F1}"
EndProject
Project("{9A19103F-16F7-4668-BE54-9A1E7A4F7556}") = "Micro.Modules.Customers.Persistence", "src\Modules\Customers\Micro.Modules.Customers.Persistence\Micro.Modules.Customers.Persistence.csproj", "{7B2FBC9F-CF59-4C44-935F-48535F0BB5A9}"
EndProject
Project("{9A19103F-16F7-4668-BE54-9A1E7A4F7556}") = "Micro.Modules.Customers.Infrastructure", "src\Modules\Customers\Micro.Modules.Customers.Infrastructure\Micro.Modules.Customers.Infrastructure.csproj", "{E33CBE63-A5C2-4997-A6ED-762DAFF76202}"
EndProject
Project("{9A19103F-16F7-4668-BE54-9A1E7A4F7556}") = "Micro.Modules.Customers.Application", "src\Modules\Customers\Micro.Modules.Customers.Application\Micro.Modules.Customers.Application.csproj", "{FB06A54E-5370-4110-A359-EF9F199AAEC8}"
EndProject
Project("{9A19103F-16F7-4668-BE54-9A1E7A4F7556}") = "Micro.Modules.Customers.Domain", "src\Modules\Customers\Micro.Modules.Customers.Domain\Micro.Modules.Customers.Domain.csproj", "{786EA6EC-9DAE-4BBF-9AB7-14B6DD2A6717}"
EndProject
Project("{9A19103F-16F7-4668-BE54-9A1E7A4F7556}") = "Micro.CustomerService", "src\Services\Customers\Micro.CustomerService\Micro.CustomerService.csproj", "{5B90B771-2BE3-4BD9-99B7-D32E18DF3E13}"
EndProject
Project("{9A19103F-16F7-4668-BE54-9A1E7A4F7556}") = "Micro.Contracts", "src\BuildingBlocks\Micro.Contracts\Micro.Contracts.csproj", "{6FB7EB31-E672-4F26-9801-74CC1ED474DC}"
EndProject
Project("{9A19103F-16F7-4668-BE54-9A1E7A4F7556}") = "Micro.Shared.EFTool", "src\Shared\Micro.Shared.EFTool\Micro.Shared.EFTool.csproj", "{DFFEB46D-9268-44DC-AC3C-2303D52DB987}"
EndProject
Project("{9A19103F-16F7-4668-BE54-9A1E7A4F7556}") = "Micro.Modules.Wallets.Api", "src\Modules\Wallets\Micro.Modules.Wallets.Api\Micro.Modules.Wallets.Api.csproj", "{9158CC5B-F2A4-461D-8A47-FF902458AD3A}"
EndProject
Project("{2150E333-8FDC-42A3-9474-1A3956D46DE8}") = "Wallets", "Wallets", "{D7E504A3-0744-4533-95C7-C13C26CA1713}"
EndProject
Project("{9A19103F-16F7-4668-BE54-9A1E7A4F7556}") = "Micro.Modules.Wallets.Application", "src\Modules\Wallets\Micro.Modules.Wallets.Application\Micro.Modules.Wallets.Application.csproj", "{4CCB150D-DEC7-490F-B59C-803BD3930D71}"
EndProject
Project("{9A19103F-16F7-4668-BE54-9A1E7A4F7556}") = "Micro.Modules.Wallets.Domain", "src\Modules\Wallets\Micro.Modules.Wallets.Domain\Micro.Modules.Wallets.Domain.csproj", "{520BD39A-24B8-4FCA-81EB-19FB38B0CBD4}"
EndProject
Project("{FAE04EC0-301F-11D3-BF4B-00C04F79EFBC}") = "Micro.Modules.Wallets.Infrastructure", "src\Modules\Wallets\Micro.Modules.Wallets.Infrastructure\Micro.Modules.Wallets.Infrastructure.csproj", "{F4693D97-FFF6-4E83-A0B4-A6EF5FC656FD}"
EndProject
Global
	GlobalSection(SolutionConfigurationPlatforms) = preSolution
		Debug|Any CPU = Debug|Any CPU
		Release|Any CPU = Release|Any CPU
	EndGlobalSection
	GlobalSection(ProjectConfigurationPlatforms) = postSolution
		{676B8790-C0E6-436D-BB25-783BD3986B97}.Debug|Any CPU.ActiveCfg = Debug|Any CPU
		{676B8790-C0E6-436D-BB25-783BD3986B97}.Debug|Any CPU.Build.0 = Debug|Any CPU
		{676B8790-C0E6-436D-BB25-783BD3986B97}.Release|Any CPU.ActiveCfg = Release|Any CPU
		{676B8790-C0E6-436D-BB25-783BD3986B97}.Release|Any CPU.Build.0 = Release|Any CPU
		{74543BA5-A31C-42F4-9570-5AB62285574A}.Debug|Any CPU.ActiveCfg = Debug|Any CPU
		{74543BA5-A31C-42F4-9570-5AB62285574A}.Debug|Any CPU.Build.0 = Debug|Any CPU
		{74543BA5-A31C-42F4-9570-5AB62285574A}.Release|Any CPU.ActiveCfg = Release|Any CPU
		{74543BA5-A31C-42F4-9570-5AB62285574A}.Release|Any CPU.Build.0 = Release|Any CPU
		{A4FDB359-ECEC-4B35-A30A-EBFC19EFB815}.Debug|Any CPU.ActiveCfg = Debug|Any CPU
		{A4FDB359-ECEC-4B35-A30A-EBFC19EFB815}.Debug|Any CPU.Build.0 = Debug|Any CPU
		{A4FDB359-ECEC-4B35-A30A-EBFC19EFB815}.Release|Any CPU.ActiveCfg = Release|Any CPU
		{A4FDB359-ECEC-4B35-A30A-EBFC19EFB815}.Release|Any CPU.Build.0 = Release|Any CPU
		{29472F7E-D35E-4738-85E4-FCC53622F979}.Debug|Any CPU.ActiveCfg = Debug|Any CPU
		{29472F7E-D35E-4738-85E4-FCC53622F979}.Debug|Any CPU.Build.0 = Debug|Any CPU
		{29472F7E-D35E-4738-85E4-FCC53622F979}.Release|Any CPU.ActiveCfg = Release|Any CPU
		{29472F7E-D35E-4738-85E4-FCC53622F979}.Release|Any CPU.Build.0 = Release|Any CPU
		{235A775B-CB79-4AB3-9318-8401010E92E4}.Debug|Any CPU.ActiveCfg = Debug|Any CPU
		{235A775B-CB79-4AB3-9318-8401010E92E4}.Debug|Any CPU.Build.0 = Debug|Any CPU
		{235A775B-CB79-4AB3-9318-8401010E92E4}.Release|Any CPU.ActiveCfg = Release|Any CPU
		{235A775B-CB79-4AB3-9318-8401010E92E4}.Release|Any CPU.Build.0 = Release|Any CPU
		{44C9C11E-FF44-4CA7-948C-8E5C13984B8D}.Debug|Any CPU.ActiveCfg = Debug|Any CPU
		{44C9C11E-FF44-4CA7-948C-8E5C13984B8D}.Debug|Any CPU.Build.0 = Debug|Any CPU
		{44C9C11E-FF44-4CA7-948C-8E5C13984B8D}.Release|Any CPU.ActiveCfg = Release|Any CPU
		{44C9C11E-FF44-4CA7-948C-8E5C13984B8D}.Release|Any CPU.Build.0 = Release|Any CPU
		{572CBB8C-E218-4858-8145-F1F5FA7C820E}.Debug|Any CPU.ActiveCfg = Debug|Any CPU
		{572CBB8C-E218-4858-8145-F1F5FA7C820E}.Debug|Any CPU.Build.0 = Debug|Any CPU
		{572CBB8C-E218-4858-8145-F1F5FA7C820E}.Release|Any CPU.ActiveCfg = Release|Any CPU
		{572CBB8C-E218-4858-8145-F1F5FA7C820E}.Release|Any CPU.Build.0 = Release|Any CPU
		{7FD7ACCE-C6E3-4DAD-B148-FA0901B07DB4}.Debug|Any CPU.ActiveCfg = Debug|Any CPU
		{7FD7ACCE-C6E3-4DAD-B148-FA0901B07DB4}.Debug|Any CPU.Build.0 = Debug|Any CPU
		{7FD7ACCE-C6E3-4DAD-B148-FA0901B07DB4}.Release|Any CPU.ActiveCfg = Release|Any CPU
		{7FD7ACCE-C6E3-4DAD-B148-FA0901B07DB4}.Release|Any CPU.Build.0 = Release|Any CPU
		{8CC4E74F-6D22-4D43-A5D7-7F236EAB97C1}.Debug|Any CPU.ActiveCfg = Debug|Any CPU
		{8CC4E74F-6D22-4D43-A5D7-7F236EAB97C1}.Debug|Any CPU.Build.0 = Debug|Any CPU
		{8CC4E74F-6D22-4D43-A5D7-7F236EAB97C1}.Release|Any CPU.ActiveCfg = Release|Any CPU
		{8CC4E74F-6D22-4D43-A5D7-7F236EAB97C1}.Release|Any CPU.Build.0 = Release|Any CPU
		{4F3410F3-C9B4-4E4F-87CB-4F923E754C70}.Debug|Any CPU.ActiveCfg = Debug|Any CPU
		{4F3410F3-C9B4-4E4F-87CB-4F923E754C70}.Debug|Any CPU.Build.0 = Debug|Any CPU
		{4F3410F3-C9B4-4E4F-87CB-4F923E754C70}.Release|Any CPU.ActiveCfg = Release|Any CPU
		{4F3410F3-C9B4-4E4F-87CB-4F923E754C70}.Release|Any CPU.Build.0 = Release|Any CPU
		{3F8EC2D2-8A59-43CA-BFE7-6821C79E3142}.Debug|Any CPU.ActiveCfg = Debug|Any CPU
		{3F8EC2D2-8A59-43CA-BFE7-6821C79E3142}.Debug|Any CPU.Build.0 = Debug|Any CPU
		{3F8EC2D2-8A59-43CA-BFE7-6821C79E3142}.Release|Any CPU.ActiveCfg = Release|Any CPU
		{3F8EC2D2-8A59-43CA-BFE7-6821C79E3142}.Release|Any CPU.Build.0 = Release|Any CPU
		{443F64DE-6472-4ED3-AD75-F636AEE60896}.Debug|Any CPU.ActiveCfg = Debug|Any CPU
		{443F64DE-6472-4ED3-AD75-F636AEE60896}.Debug|Any CPU.Build.0 = Debug|Any CPU
		{443F64DE-6472-4ED3-AD75-F636AEE60896}.Release|Any CPU.ActiveCfg = Release|Any CPU
		{443F64DE-6472-4ED3-AD75-F636AEE60896}.Release|Any CPU.Build.0 = Release|Any CPU
		{49013F82-EC16-4858-86AC-E315EF802E35}.Debug|Any CPU.ActiveCfg = Debug|Any CPU
		{49013F82-EC16-4858-86AC-E315EF802E35}.Debug|Any CPU.Build.0 = Debug|Any CPU
		{49013F82-EC16-4858-86AC-E315EF802E35}.Release|Any CPU.ActiveCfg = Release|Any CPU
		{49013F82-EC16-4858-86AC-E315EF802E35}.Release|Any CPU.Build.0 = Release|Any CPU
		{F6D8BD7D-A00F-4196-875A-1F1ABB2F0B1C}.Debug|Any CPU.ActiveCfg = Debug|Any CPU
		{F6D8BD7D-A00F-4196-875A-1F1ABB2F0B1C}.Debug|Any CPU.Build.0 = Debug|Any CPU
		{F6D8BD7D-A00F-4196-875A-1F1ABB2F0B1C}.Release|Any CPU.ActiveCfg = Release|Any CPU
		{F6D8BD7D-A00F-4196-875A-1F1ABB2F0B1C}.Release|Any CPU.Build.0 = Release|Any CPU
		{CDE97DE6-4B3A-41B8-A1EF-C09DEAFCA06D}.Debug|Any CPU.ActiveCfg = Debug|Any CPU
		{CDE97DE6-4B3A-41B8-A1EF-C09DEAFCA06D}.Debug|Any CPU.Build.0 = Debug|Any CPU
		{CDE97DE6-4B3A-41B8-A1EF-C09DEAFCA06D}.Release|Any CPU.ActiveCfg = Release|Any CPU
		{CDE97DE6-4B3A-41B8-A1EF-C09DEAFCA06D}.Release|Any CPU.Build.0 = Release|Any CPU
		{3DF74B14-6B2F-4911-B680-4E393684225A}.Debug|Any CPU.ActiveCfg = Debug|Any CPU
		{3DF74B14-6B2F-4911-B680-4E393684225A}.Debug|Any CPU.Build.0 = Debug|Any CPU
		{3DF74B14-6B2F-4911-B680-4E393684225A}.Release|Any CPU.ActiveCfg = Release|Any CPU
		{3DF74B14-6B2F-4911-B680-4E393684225A}.Release|Any CPU.Build.0 = Release|Any CPU
		{8B616CC1-132D-441F-8CCA-3E4D2E80EE40}.Debug|Any CPU.ActiveCfg = Debug|Any CPU
		{8B616CC1-132D-441F-8CCA-3E4D2E80EE40}.Debug|Any CPU.Build.0 = Debug|Any CPU
		{8B616CC1-132D-441F-8CCA-3E4D2E80EE40}.Release|Any CPU.ActiveCfg = Release|Any CPU
		{8B616CC1-132D-441F-8CCA-3E4D2E80EE40}.Release|Any CPU.Build.0 = Release|Any CPU
		{5603BDBB-DCA4-421D-B4EF-AA18A99F5E07}.Debug|Any CPU.ActiveCfg = Debug|Any CPU
		{5603BDBB-DCA4-421D-B4EF-AA18A99F5E07}.Debug|Any CPU.Build.0 = Debug|Any CPU
		{5603BDBB-DCA4-421D-B4EF-AA18A99F5E07}.Release|Any CPU.ActiveCfg = Release|Any CPU
		{5603BDBB-DCA4-421D-B4EF-AA18A99F5E07}.Release|Any CPU.Build.0 = Release|Any CPU
		{549D69A5-DFC0-4284-BA13-BF2F1FE3DE63}.Debug|Any CPU.ActiveCfg = Debug|Any CPU
		{549D69A5-DFC0-4284-BA13-BF2F1FE3DE63}.Debug|Any CPU.Build.0 = Debug|Any CPU
		{549D69A5-DFC0-4284-BA13-BF2F1FE3DE63}.Release|Any CPU.ActiveCfg = Release|Any CPU
		{549D69A5-DFC0-4284-BA13-BF2F1FE3DE63}.Release|Any CPU.Build.0 = Release|Any CPU
		{249DAC88-6E77-42AD-962F-DC96E87F54F1}.Debug|Any CPU.ActiveCfg = Debug|Any CPU
		{249DAC88-6E77-42AD-962F-DC96E87F54F1}.Debug|Any CPU.Build.0 = Debug|Any CPU
		{249DAC88-6E77-42AD-962F-DC96E87F54F1}.Release|Any CPU.ActiveCfg = Release|Any CPU
		{249DAC88-6E77-42AD-962F-DC96E87F54F1}.Release|Any CPU.Build.0 = Release|Any CPU
		{7B2FBC9F-CF59-4C44-935F-48535F0BB5A9}.Debug|Any CPU.ActiveCfg = Debug|Any CPU
		{7B2FBC9F-CF59-4C44-935F-48535F0BB5A9}.Debug|Any CPU.Build.0 = Debug|Any CPU
		{7B2FBC9F-CF59-4C44-935F-48535F0BB5A9}.Release|Any CPU.ActiveCfg = Release|Any CPU
		{7B2FBC9F-CF59-4C44-935F-48535F0BB5A9}.Release|Any CPU.Build.0 = Release|Any CPU
		{E33CBE63-A5C2-4997-A6ED-762DAFF76202}.Debug|Any CPU.ActiveCfg = Debug|Any CPU
		{E33CBE63-A5C2-4997-A6ED-762DAFF76202}.Debug|Any CPU.Build.0 = Debug|Any CPU
		{E33CBE63-A5C2-4997-A6ED-762DAFF76202}.Release|Any CPU.ActiveCfg = Release|Any CPU
		{E33CBE63-A5C2-4997-A6ED-762DAFF76202}.Release|Any CPU.Build.0 = Release|Any CPU
		{FB06A54E-5370-4110-A359-EF9F199AAEC8}.Debug|Any CPU.ActiveCfg = Debug|Any CPU
		{FB06A54E-5370-4110-A359-EF9F199AAEC8}.Debug|Any CPU.Build.0 = Debug|Any CPU
		{FB06A54E-5370-4110-A359-EF9F199AAEC8}.Release|Any CPU.ActiveCfg = Release|Any CPU
		{FB06A54E-5370-4110-A359-EF9F199AAEC8}.Release|Any CPU.Build.0 = Release|Any CPU
		{786EA6EC-9DAE-4BBF-9AB7-14B6DD2A6717}.Debug|Any CPU.ActiveCfg = Debug|Any CPU
		{786EA6EC-9DAE-4BBF-9AB7-14B6DD2A6717}.Debug|Any CPU.Build.0 = Debug|Any CPU
		{786EA6EC-9DAE-4BBF-9AB7-14B6DD2A6717}.Release|Any CPU.ActiveCfg = Release|Any CPU
		{786EA6EC-9DAE-4BBF-9AB7-14B6DD2A6717}.Release|Any CPU.Build.0 = Release|Any CPU
		{5B90B771-2BE3-4BD9-99B7-D32E18DF3E13}.Debug|Any CPU.ActiveCfg = Debug|Any CPU
		{5B90B771-2BE3-4BD9-99B7-D32E18DF3E13}.Debug|Any CPU.Build.0 = Debug|Any CPU
		{5B90B771-2BE3-4BD9-99B7-D32E18DF3E13}.Release|Any CPU.ActiveCfg = Release|Any CPU
		{5B90B771-2BE3-4BD9-99B7-D32E18DF3E13}.Release|Any CPU.Build.0 = Release|Any CPU
		{6FB7EB31-E672-4F26-9801-74CC1ED474DC}.Debug|Any CPU.ActiveCfg = Debug|Any CPU
		{6FB7EB31-E672-4F26-9801-74CC1ED474DC}.Debug|Any CPU.Build.0 = Debug|Any CPU
		{6FB7EB31-E672-4F26-9801-74CC1ED474DC}.Release|Any CPU.ActiveCfg = Release|Any CPU
		{6FB7EB31-E672-4F26-9801-74CC1ED474DC}.Release|Any CPU.Build.0 = Release|Any CPU
		{DFFEB46D-9268-44DC-AC3C-2303D52DB987}.Debug|Any CPU.ActiveCfg = Debug|Any CPU
		{DFFEB46D-9268-44DC-AC3C-2303D52DB987}.Debug|Any CPU.Build.0 = Debug|Any CPU
		{DFFEB46D-9268-44DC-AC3C-2303D52DB987}.Release|Any CPU.ActiveCfg = Release|Any CPU
		{DFFEB46D-9268-44DC-AC3C-2303D52DB987}.Release|Any CPU.Build.0 = Release|Any CPU
		{9158CC5B-F2A4-461D-8A47-FF902458AD3A}.Debug|Any CPU.ActiveCfg = Debug|Any CPU
		{9158CC5B-F2A4-461D-8A47-FF902458AD3A}.Debug|Any CPU.Build.0 = Debug|Any CPU
		{9158CC5B-F2A4-461D-8A47-FF902458AD3A}.Release|Any CPU.ActiveCfg = Release|Any CPU
		{9158CC5B-F2A4-461D-8A47-FF902458AD3A}.Release|Any CPU.Build.0 = Release|Any CPU
		{4CCB150D-DEC7-490F-B59C-803BD3930D71}.Debug|Any CPU.ActiveCfg = Debug|Any CPU
		{4CCB150D-DEC7-490F-B59C-803BD3930D71}.Debug|Any CPU.Build.0 = Debug|Any CPU
		{4CCB150D-DEC7-490F-B59C-803BD3930D71}.Release|Any CPU.ActiveCfg = Release|Any CPU
		{4CCB150D-DEC7-490F-B59C-803BD3930D71}.Release|Any CPU.Build.0 = Release|Any CPU
		{520BD39A-24B8-4FCA-81EB-19FB38B0CBD4}.Debug|Any CPU.ActiveCfg = Debug|Any CPU
		{520BD39A-24B8-4FCA-81EB-19FB38B0CBD4}.Debug|Any CPU.Build.0 = Debug|Any CPU
		{520BD39A-24B8-4FCA-81EB-19FB38B0CBD4}.Release|Any CPU.ActiveCfg = Release|Any CPU
		{520BD39A-24B8-4FCA-81EB-19FB38B0CBD4}.Release|Any CPU.Build.0 = Release|Any CPU
		{F4693D97-FFF6-4E83-A0B4-A6EF5FC656FD}.Debug|Any CPU.ActiveCfg = Debug|Any CPU
		{F4693D97-FFF6-4E83-A0B4-A6EF5FC656FD}.Debug|Any CPU.Build.0 = Debug|Any CPU
		{F4693D97-FFF6-4E83-A0B4-A6EF5FC656FD}.Release|Any CPU.ActiveCfg = Release|Any CPU
		{F4693D97-FFF6-4E83-A0B4-A6EF5FC656FD}.Release|Any CPU.Build.0 = Release|Any CPU
	EndGlobalSection
	GlobalSection(SolutionProperties) = preSolution
		HideSolutionNode = FALSE
	EndGlobalSection
	GlobalSection(NestedProjects) = preSolution
		{760E01F5-E6C8-4C41-B63E-9715C3043172} = {53B41D96-9477-4C47-A7C7-B20E7AFA90D7}
		{676B8790-C0E6-436D-BB25-783BD3986B97} = {760E01F5-E6C8-4C41-B63E-9715C3043172}
		{74543BA5-A31C-42F4-9570-5AB62285574A} = {760E01F5-E6C8-4C41-B63E-9715C3043172}
		{A4FDB359-ECEC-4B35-A30A-EBFC19EFB815} = {760E01F5-E6C8-4C41-B63E-9715C3043172}
		{29472F7E-D35E-4738-85E4-FCC53622F979} = {760E01F5-E6C8-4C41-B63E-9715C3043172}
		{235A775B-CB79-4AB3-9318-8401010E92E4} = {760E01F5-E6C8-4C41-B63E-9715C3043172}
		{44C9C11E-FF44-4CA7-948C-8E5C13984B8D} = {760E01F5-E6C8-4C41-B63E-9715C3043172}
		{572CBB8C-E218-4858-8145-F1F5FA7C820E} = {760E01F5-E6C8-4C41-B63E-9715C3043172}
		{7FD7ACCE-C6E3-4DAD-B148-FA0901B07DB4} = {760E01F5-E6C8-4C41-B63E-9715C3043172}
		{8CC4E74F-6D22-4D43-A5D7-7F236EAB97C1} = {760E01F5-E6C8-4C41-B63E-9715C3043172}
		{4F3410F3-C9B4-4E4F-87CB-4F923E754C70} = {760E01F5-E6C8-4C41-B63E-9715C3043172}
		{3F8EC2D2-8A59-43CA-BFE7-6821C79E3142} = {760E01F5-E6C8-4C41-B63E-9715C3043172}
		{443F64DE-6472-4ED3-AD75-F636AEE60896} = {760E01F5-E6C8-4C41-B63E-9715C3043172}
		{49013F82-EC16-4858-86AC-E315EF802E35} = {760E01F5-E6C8-4C41-B63E-9715C3043172}
		{F6D8BD7D-A00F-4196-875A-1F1ABB2F0B1C} = {760E01F5-E6C8-4C41-B63E-9715C3043172}
		{CDE97DE6-4B3A-41B8-A1EF-C09DEAFCA06D} = {760E01F5-E6C8-4C41-B63E-9715C3043172}
		{3DF74B14-6B2F-4911-B680-4E393684225A} = {760E01F5-E6C8-4C41-B63E-9715C3043172}
		{8B616CC1-132D-441F-8CCA-3E4D2E80EE40} = {760E01F5-E6C8-4C41-B63E-9715C3043172}
		{5603BDBB-DCA4-421D-B4EF-AA18A99F5E07} = {760E01F5-E6C8-4C41-B63E-9715C3043172}
		{A641EBC0-5D78-44E8-B4B0-78F9B76B44FA} = {53B41D96-9477-4C47-A7C7-B20E7AFA90D7}
		{C9E78163-69C1-46AA-A46D-43B1EA1555F7} = {53B41D96-9477-4C47-A7C7-B20E7AFA90D7}
		{007AD8BE-6374-488E-A845-7D2382F8A2B4} = {53B41D96-9477-4C47-A7C7-B20E7AFA90D7}
		{0785D744-DB13-4668-853A-F8720D647CD2} = {53B41D96-9477-4C47-A7C7-B20E7AFA90D7}
		{549D69A5-DFC0-4284-BA13-BF2F1FE3DE63} = {760E01F5-E6C8-4C41-B63E-9715C3043172}
		{0A863E7A-0BE2-4C1C-ACC9-848667B8A130} = {0785D744-DB13-4668-853A-F8720D647CD2}
		{249DAC88-6E77-42AD-962F-DC96E87F54F1} = {0A863E7A-0BE2-4C1C-ACC9-848667B8A130}
		{7B2FBC9F-CF59-4C44-935F-48535F0BB5A9} = {0A863E7A-0BE2-4C1C-ACC9-848667B8A130}
		{E33CBE63-A5C2-4997-A6ED-762DAFF76202} = {0A863E7A-0BE2-4C1C-ACC9-848667B8A130}
		{FB06A54E-5370-4110-A359-EF9F199AAEC8} = {0A863E7A-0BE2-4C1C-ACC9-848667B8A130}
		{786EA6EC-9DAE-4BBF-9AB7-14B6DD2A6717} = {0A863E7A-0BE2-4C1C-ACC9-848667B8A130}
		{5B90B771-2BE3-4BD9-99B7-D32E18DF3E13} = {C9E78163-69C1-46AA-A46D-43B1EA1555F7}
		{6FB7EB31-E672-4F26-9801-74CC1ED474DC} = {760E01F5-E6C8-4C41-B63E-9715C3043172}
		{DFFEB46D-9268-44DC-AC3C-2303D52DB987} = {007AD8BE-6374-488E-A845-7D2382F8A2B4}
		{9158CC5B-F2A4-461D-8A47-FF902458AD3A} = {D7E504A3-0744-4533-95C7-C13C26CA1713}
		{D7E504A3-0744-4533-95C7-C13C26CA1713} = {0785D744-DB13-4668-853A-F8720D647CD2}
		{4CCB150D-DEC7-490F-B59C-803BD3930D71} = {D7E504A3-0744-4533-95C7-C13C26CA1713}
		{520BD39A-24B8-4FCA-81EB-19FB38B0CBD4} = {D7E504A3-0744-4533-95C7-C13C26CA1713}
		{F4693D97-FFF6-4E83-A0B4-A6EF5FC656FD} = {D7E504A3-0744-4533-95C7-C13C26CA1713}
	EndGlobalSection
	GlobalSection(ExtensibilityGlobals) = postSolution
		SolutionGuid = {5AD5D98E-6E6F-4F48-848D-9BF19E5436BE}
	EndGlobalSection
EndGlobal
